<Solution>
  <Configurations>
    <Platform Name="ARM64" />
    <Platform Name="x64" />
    <Platform Name="x86" />
  </Configurations>
  <Folder Name="/Solution Items/">
    <File Path=".clang-format" />
  </Folder>
  <Project Path="Flense/Flense.vcxproj" Id="52ed318b-9ba0-455b-b9e1-8e1b5b3c366d">
    <Deploy />
  </Project>
</Solution>
