<Solution>
  <Configurations>
    <Platform Name="ARM64" />
    <Platform Name="x64" />
    <Platform Name="x86" />
  </Configurations>
  <Folder Name="/Solution Items/">
    <File Path=".clang-format" />
    <File Path="LICENSE.md" />
    <File Path="README.md" />
    <File Path="THIRD-PARTY-NOTICES.md" />
    <File Path="vcpkg.json" />
  </Folder>
  <Project Path="Flense.Core/Flense.Core.vcxproj" Id="257839dd-36da-47d5-b884-9118c972f916">
    <Platform Solution="*|ARM64" Project="x64" />
  </Project>
  <Project Path="Flense/Flense.vcxproj" Id="52ed318b-9ba0-455b-b9e1-8e1b5b3c366d">
    <Deploy />
  </Project>
  <Project Path="Flense.Benchmarks/Flense.Benchmarks.vcxproj" Id="3f1c8a72-6b4e-4d29-9a51-7c0e2f8b41d6">
    <Platform Solution="*|ARM64" Project="x64" />
    <Platform Solution="*|x86" Project="x64" />
  </Project>
</Solution>
