<?xml version="1.0" encoding="utf-8"?>
<Project ToolsVersion="4.0" xmlns="http://schemas.microsoft.com/developer/msbuild/2003">
  <ItemGroup>
    <ApplicationDefinition Include="App.xaml" />
  </ItemGroup>
  <ItemGroup>
    <Page Include="MainWindow.xaml" />
    <Page Include="LandingPage.xaml">
      <Filter>Views</Filter>
    </Page>
    <Page Include="ImageDetailsPage.xaml">
      <Filter>Views</Filter>
    </Page>
  </ItemGroup>
  <ItemGroup>
    <Midl Include="MainWindow.idl" />
    <Midl Include="ImageDetailsViewModel.idl">
      <Filter>ViewModels</Filter>
    </Midl>
    <Midl Include="ImageLayerWrapper.idl">
      <Filter>Wrappers</Filter>
    </Midl>
    <Midl Include="FilesystemTreeNode.idl">
      <Filter>Wrappers</Filter>
    </Midl>
    <Midl Include="FilesystemItemColourConverter.idl">
      <Filter>Converters</Filter>
    </Midl>
    <Midl Include="FileKindGlyphConverter.idl">
      <Filter>Converters</Filter>
    </Midl>
    <Midl Include="FilesystemChangeKind.idl">
      <Filter>Wrappers</Filter>
    </Midl>
    <Midl Include="FileKind.idl">
      <Filter>Wrappers</Filter>
    </Midl>
    <Midl Include="FileSizeStringConverter.idl">
      <Filter>Converters</Filter>
    </Midl>
  </ItemGroup>
  <ItemGroup>
    <ClCompile Include="pch.cpp" />
    <ClCompile Include="$(GeneratedFilesDir)module.g.cpp" />
    <ClCompile Include="ImageDetailsViewModel.cpp">
      <Filter>ViewModels</Filter>
    </ClCompile>
    <ClCompile Include="WinRtByteStream.cpp">
      <Filter>Helpers</Filter>
    </ClCompile>
  </ItemGroup>
  <ItemGroup>
    <ClInclude Include="pch.h" />
    <ClInclude Include="resource.h" />
    <ClInclude Include="ImageDetailsViewModel.h">
      <Filter>ViewModels</Filter>
    </ClInclude>
    <ClInclude Include="WinRtByteStream.h">
      <Filter>Helpers</Filter>
    </ClInclude>
  </ItemGroup>
  <ItemGroup>
    <Image Include="Assets\Wide310x150Logo.scale-200.png">
      <Filter>Assets</Filter>
    </Image>
    <Image Include="Assets\StoreLogo.png">
      <Filter>Assets</Filter>
    </Image>
    <Image Include="Assets\Square150x150Logo.scale-200.png">
      <Filter>Assets</Filter>
    </Image>
    <Image Include="Assets\Square44x44Logo.targetsize-24_altform-unplated.png">
      <Filter>Assets</Filter>
    </Image>
    <Image Include="Assets\Square44x44Logo.scale-200.png">
      <Filter>Assets</Filter>
    </Image>
    <Image Include="Assets\SplashScreen.scale-200.png">
      <Filter>Assets</Filter>
    </Image>
    <Image Include="Assets\LockScreenLogo.scale-200.png">
      <Filter>Assets</Filter>
    </Image>
  </ItemGroup>
  <ItemGroup>
    <Filter Include="Assets">
      <UniqueIdentifier>{52ed318b-9ba0-455b-b9e1-8e1b5b3c366d}</UniqueIdentifier>
    </Filter>
    <Filter Include="ViewModels">
      <UniqueIdentifier>{cf87ce66-88f3-4794-872c-4fddc29e3b9f}</UniqueIdentifier>
    </Filter>
    <Filter Include="Views">
      <UniqueIdentifier>{3afcf29c-0a9c-46b5-aa7f-d60ef2087e24}</UniqueIdentifier>
    </Filter>
    <Filter Include="Wrappers">
      <UniqueIdentifier>{79376057-2cdd-42e1-89dc-77afd00fd05e}</UniqueIdentifier>
    </Filter>
    <Filter Include="Helpers">
      <UniqueIdentifier>{7f8c81a2-f6e3-469a-a764-d911b316fb69}</UniqueIdentifier>
    </Filter>
    <Filter Include="Converters">
      <UniqueIdentifier>{cfa51aaa-1856-4de7-8e40-6ed715eda34d}</UniqueIdentifier>
    </Filter>
  </ItemGroup>
  <ItemGroup>
    <Text Include="readme.txt" />
  </ItemGroup>
  <ItemGroup>
    <Manifest Include="app.manifest" />
  </ItemGroup>
  <ItemGroup>
    <AppxManifest Include="Package.appxmanifest" />
  </ItemGroup>
  <ItemGroup>
    <None Include="packages.config" />
  </ItemGroup>
  <ItemGroup>
    <Natvis Include="$(MSBuildThisFileDirectory)..\..\natvis\wil.natvis" />
    <Natvis Include="$(MSBuildThisFileDirectory)..\..\natvis\wil.natstepfilter" />
  </ItemGroup>
  <ItemGroup>
    <ResourceCompile Include="Flense.rc" />
  </ItemGroup>
</Project>